
Microsoft Visual Studio Solution File, Format Version 12.00
# Visual Studio 15
VisualStudioVersion = 15.0.26403.3
MinimumVisualStudioVersion = 10.0.40219.1
Project("{FAE04EC0-301F-11D3-BF4B-00C04F79EFBC}") = "LinkKeeper.DAL", "LinkKeeper.DAL\LinkKeeper.DAL.csproj", "{14E70761-B8E1-41FD-A496-1CAF1CAD1E25}"
EndProject
Project("{FAE04EC0-301F-11D3-BF4B-00C04F79EFBC}") = "LinkKeeper.BLL", "LinkKeeper.BLL\LinkKeeper.BLL.csproj", "{4C089738-2B37-49C9-BFF2-70FE729472AB}"
EndProject
Project("{FAE04EC0-301F-11D3-BF4B-00C04F79EFBC}") = "LinkKeeper.SQL", "LinkKeeper.SQL\LinkKeeper.SQL.csproj", "{00CD2261-877C-4FB9-AA96-5EB94C1B0A53}"
EndProject
Project("{FAE04EC0-301F-11D3-BF4B-00C04F79EFBC}") = "LinkKeeper.WebApi", "LinkKeeper.WebApi\LinkKeeper.WebApi.csproj", "{3DAAFCA2-7E48-4570-9684-ED9BCFF6D793}"
EndProject
Project("{FAE04EC0-301F-11D3-BF4B-00C04F79EFBC}") = "LinkKeeper.UI", "LinkKeeper.UI\LinkKeeper.UI.csproj", "{0E0D9D69-085F-496C-AFD1-CB840EE8BB29}"
EndProject
Project("{FAE04EC0-301F-11D3-BF4B-00C04F79EFBC}") = "LinkKeeper.Entities", "LinkKeeper.Entities\LinkKeeper.Entities.csproj", "{BECE11F1-0CF2-4C8C-B652-050EDAE7D808}"
EndProject
Global
	GlobalSection(SolutionConfigurationPlatforms) = preSolution
		Debug|Any CPU = Debug|Any CPU
		Release|Any CPU = Release|Any CPU
	EndGlobalSection
	GlobalSection(ProjectConfigurationPlatforms) = postSolution
		{14E70761-B8E1-41FD-A496-1CAF1CAD1E25}.Debug|Any CPU.ActiveCfg = Debug|Any CPU
		{14E70761-B8E1-41FD-A496-1CAF1CAD1E25}.Debug|Any CPU.Build.0 = Debug|Any CPU
		{14E70761-B8E1-41FD-A496-1CAF1CAD1E25}.Release|Any CPU.ActiveCfg = Release|Any CPU
		{14E70761-B8E1-41FD-A496-1CAF1CAD1E25}.Release|Any CPU.Build.0 = Release|Any CPU
		{4C089738-2B37-49C9-BFF2-70FE729472AB}.Debug|Any CPU.ActiveCfg = Debug|Any CPU
		{4C089738-2B37-49C9-BFF2-70FE729472AB}.Debug|Any CPU.Build.0 = Debug|Any CPU
		{4C089738-2B37-49C9-BFF2-70FE729472AB}.Release|Any CPU.ActiveCfg = Release|Any CPU
		{4C089738-2B37-49C9-BFF2-70FE729472AB}.Release|Any CPU.Build.0 = Release|Any CPU
		{00CD2261-877C-4FB9-AA96-5EB94C1B0A53}.Debug|Any CPU.ActiveCfg = Debug|Any CPU
		{00CD2261-877C-4FB9-AA96-5EB94C1B0A53}.Debug|Any CPU.Build.0 = Debug|Any CPU
		{00CD2261-877C-4FB9-AA96-5EB94C1B0A53}.Release|Any CPU.ActiveCfg = Release|Any CPU
		{00CD2261-877C-4FB9-AA96-5EB94C1B0A53}.Release|Any CPU.Build.0 = Release|Any CPU
		{3DAAFCA2-7E48-4570-9684-ED9BCFF6D793}.Debug|Any CPU.ActiveCfg = Debug|Any CPU
		{3DAAFCA2-7E48-4570-9684-ED9BCFF6D793}.Debug|Any CPU.Build.0 = Debug|Any CPU
		{3DAAFCA2-7E48-4570-9684-ED9BCFF6D793}.Release|Any CPU.ActiveCfg = Release|Any CPU
		{3DAAFCA2-7E48-4570-9684-ED9BCFF6D793}.Release|Any CPU.Build.0 = Release|Any CPU
		{0E0D9D69-085F-496C-AFD1-CB840EE8BB29}.Debug|Any CPU.ActiveCfg = Debug|Any CPU
		{0E0D9D69-085F-496C-AFD1-CB840EE8BB29}.Debug|Any CPU.Build.0 = Debug|Any CPU
		{0E0D9D69-085F-496C-AFD1-CB840EE8BB29}.Release|Any CPU.ActiveCfg = Release|Any CPU
		{0E0D9D69-085F-496C-AFD1-CB840EE8BB29}.Release|Any CPU.Build.0 = Release|Any CPU
		{BECE11F1-0CF2-4C8C-B652-050EDAE7D808}.Debug|Any CPU.ActiveCfg = Debug|Any CPU
		{BECE11F1-0CF2-4C8C-B652-050EDAE7D808}.Debug|Any CPU.Build.0 = Debug|Any CPU
		{BECE11F1-0CF2-4C8C-B652-050EDAE7D808}.Release|Any CPU.ActiveCfg = Release|Any CPU
		{BECE11F1-0CF2-4C8C-B652-050EDAE7D808}.Release|Any CPU.Build.0 = Release|Any CPU
	EndGlobalSection
	GlobalSection(SolutionProperties) = preSolution
		HideSolutionNode = FALSE
	EndGlobalSection
EndGlobal
